
Microsoft Visual Studio Solution File, Format Version 12.00
# Visual Studio Version 16
VisualStudioVersion = 16.0.32802.440
MinimumVisualStudioVersion = 10.0.40219.1
Project("{FAE04EC0-301F-11D3-BF4B-00C04F79EFBC}") = "Interface Crier_Animaux", "Interface Crier_Animaux\Interface Crier_Animaux.csproj", "{3B17F64B-2A38-49B3-BD71-B8A0FC42C1AA}"
EndProject
Global
	GlobalSection(SolutionConfigurationPlatforms) = preSolution
		Debug|Any CPU = Debug|Any CPU
		Release|Any CPU = Release|Any CPU
	EndGlobalSection
	GlobalSection(ProjectConfigurationPlatforms) = postSolution
		{3B17F64B-2A38-49B3-BD71-B8A0FC42C1AA}.Debug|Any CPU.ActiveCfg = Debug|Any CPU
		{3B17F64B-2A38-49B3-BD71-B8A0FC42C1AA}.Debug|Any CPU.Build.0 = Debug|Any CPU
		{3B17F64B-2A38-49B3-BD71-B8A0FC42C1AA}.Release|Any CPU.ActiveCfg = Release|Any CPU
		{3B17F64B-2A38-49B3-BD71-B8A0FC42C1AA}.Release|Any CPU.Build.0 = Release|Any CPU
	EndGlobalSection
	GlobalSection(SolutionProperties) = preSolution
		HideSolutionNode = FALSE
	EndGlobalSection
	GlobalSection(ExtensibilityGlobals) = postSolution
		SolutionGuid = {CD1B871D-8B87-4A78-94A5-82C67E6B4695}
	EndGlobalSection
EndGlobal
